
Microsoft Visual Studio Solution File, Format Version 12.00
# Visual Studio Version 17
VisualStudioVersion = 17.13.35825.156 d17.13
MinimumVisualStudioVersion = 10.0.40219.1
Project("{FAE04EC0-301F-11D3-BF4B-00C04F79EFBC}") = "Tuto.RabbitMq.Web", "Tuto.RabbitMq.Web.csproj", "{40A9D236-3683-4FB4-A742-E32673CDE30C}"
EndProject
Project("{FAE04EC0-301F-11D3-BF4B-00C04F79EFBC}") = "Tuto.RabbitMq.Console", "src\Tuto.RabbitMq.Console\Tuto.RabbitMq.Console.csproj", "{7B0A4CFE-0A16-42D3-AD73-5B3ECC8C9705}"
EndProject
Global
	GlobalSection(SolutionConfigurationPlatforms) = preSolution
		Debug|Any CPU = Debug|Any CPU
		Release|Any CPU = Release|Any CPU
	EndGlobalSection
	GlobalSection(ProjectConfigurationPlatforms) = postSolution
		{40A9D236-3683-4FB4-A742-E32673CDE30C}.Debug|Any CPU.ActiveCfg = Debug|Any CPU
		{40A9D236-3683-4FB4-A742-E32673CDE30C}.Debug|Any CPU.Build.0 = Debug|Any CPU
		{40A9D236-3683-4FB4-A742-E32673CDE30C}.Release|Any CPU.ActiveCfg = Release|Any CPU
		{40A9D236-3683-4FB4-A742-E32673CDE30C}.Release|Any CPU.Build.0 = Release|Any CPU
		{7B0A4CFE-0A16-42D3-AD73-5B3ECC8C9705}.Debug|Any CPU.ActiveCfg = Debug|Any CPU
		{7B0A4CFE-0A16-42D3-AD73-5B3ECC8C9705}.Debug|Any CPU.Build.0 = Debug|Any CPU
		{7B0A4CFE-0A16-42D3-AD73-5B3ECC8C9705}.Release|Any CPU.ActiveCfg = Release|Any CPU
		{7B0A4CFE-0A16-42D3-AD73-5B3ECC8C9705}.Release|Any CPU.Build.0 = Release|Any CPU
	EndGlobalSection
	GlobalSection(SolutionProperties) = preSolution
		HideSolutionNode = FALSE
	EndGlobalSection
	GlobalSection(ExtensibilityGlobals) = postSolution
		SolutionGuid = {9AF20568-593D-443E-9F82-3D3F6E654207}
	EndGlobalSection
EndGlobal
